<?xml version="1.0" encoding="utf-8"?>
<Project ToolsVersion="4.0" xmlns="http://schemas.microsoft.com/developer/msbuild/2003">
  <ItemGroup>
    <Filter Include="Source Files">
      <UniqueIdentifier>{4FC737F1-C7A5-4376-A066-2A32D752A2FF}</UniqueIdentifier>
      <Extensions>cpp;c;cc;cxx;c++;def;odl;idl;hpj;bat;asm;asmx</Extensions>
    </Filter>
    <Filter Include="Header Files">
      <UniqueIdentifier>{93995380-89BD-4b04-88EB-625FBE52EBFB}</UniqueIdentifier>
      <Extensions>h;hh;hpp;hxx;h++;hm;inl;inc;ipp;xsd</Extensions>
    </Filter>
    <Filter Include="Resource Files">
      <UniqueIdentifier>{67DA6AB6-F800-4c08-8B7A-83BB121AAD01}</UniqueIdentifier>
      <Extensions>rc;ico;cur;bmp;dlg;rc2;rct;bin;rgs;gif;jpg;jpeg;jpe;resx;tiff;tif;png;wav;mfcribbon-ms</Extensions>
    </Filter>
    <Filter Include="Source Files\System">
      <UniqueIdentifier>{597d8fb0-ebd9-49d8-9487-bd68718a774a}</UniqueIdentifier>
    </Filter>
    <Filter Include="Source Files\Scene">
      <UniqueIdentifier>{96e57dad-12c5-4f80-b804-ade0cafadb5c}</UniqueIdentifier>
    </Filter>
    <Filter Include="Source Files\Graphic">
      <UniqueIdentifier>{bde032fc-7a31-4a1e-a87c-a0ae1a2abd2e}</UniqueIdentifier>
    </Filter>
    <Filter Include="Source Files\GameObject">
      <UniqueIdentifier>{bf4e1485-60ed-48fc-9bde-dfd9e60d830f}</UniqueIdentifier>
    </Filter>
    <Filter Include="Source Files\Physics">
      <UniqueIdentifier>{23dd130c-fff1-44e1-b199-3d82178055e9}</UniqueIdentifier>
    </Filter>
    <Filter Include="Source Files\imgui">
      <UniqueIdentifier>{a4b1250b-1775-4476-8558-2435612832a2}</UniqueIdentifier>
    </Filter>
    <Filter Include="Source Files\imgui\include">
      <UniqueIdentifier>{1eae459c-cac3-42c0-9c8b-870fca85a5ee}</UniqueIdentifier>
    </Filter>
  </ItemGroup>
  <ItemGroup>
    <ClCompile Include="src\main.cpp">
      <Filter>Source Files</Filter>
    </ClCompile>
    <ClCompile Include="src\system\SBEngine.cpp">
      <Filter>Source Files\System</Filter>
    </ClCompile>
    <ClCompile Include="src\system\Window.cpp">
      <Filter>Source Files\System</Filter>
    </ClCompile>
    <ClCompile Include="src\scene\SceneManager.cpp">
      <Filter>Source Files\Scene</Filter>
    </ClCompile>
    <ClCompile Include="src\scene\SceneTest.cpp">
      <Filter>Source Files\Scene</Filter>
    </ClCompile>
    <ClCompile Include="src\scene\Scene.cpp">
      <Filter>Source Files\Scene</Filter>
    </ClCompile>
    <ClCompile Include="src\graphic\Mesh.cpp">
      <Filter>Source Files\Graphic</Filter>
    </ClCompile>
    <ClCompile Include="src\graphic\Render.cpp">
      <Filter>Source Files\Graphic</Filter>
    </ClCompile>
    <ClCompile Include="src\gameobject\MeshManager.cpp">
      <Filter>Source Files\GameObject</Filter>
    </ClCompile>
    <ClCompile Include="src\gameobject\TextureManager.cpp">
      <Filter>Source Files\GameObject</Filter>
    </ClCompile>
    <ClCompile Include="src\graphic\Sprite.cpp">
      <Filter>Source Files\Graphic</Filter>
    </ClCompile>
    <ClCompile Include="src\graphic\Camera.cpp">
      <Filter>Source Files\Graphic</Filter>
    </ClCompile>
    <ClCompile Include="src\physics\Transform.cpp">
      <Filter>Source Files\Physics</Filter>
    </ClCompile>
    <ClCompile Include="src\gameobject\ObjectManager.cpp">
      <Filter>Source Files\GameObject</Filter>
    </ClCompile>
    <ClCompile Include="src\physics\Matrix2D.cpp">
      <Filter>Source Files\Physics</Filter>
    </ClCompile>
    <ClCompile Include="src\physics\Vector2D.cpp">
      <Filter>Source Files\Physics</Filter>
    </ClCompile>
    <ClCompile Include="src\graphic\Shader.cpp">
      <Filter>Source Files\Graphic</Filter>
    </ClCompile>
    <ClCompile Include="lib\imgui\imgui.cpp">
      <Filter>Source Files\imgui\include</Filter>
    </ClCompile>
    <ClCompile Include="lib\imgui\imgui_demo.cpp">
      <Filter>Source Files\imgui\include</Filter>
    </ClCompile>
    <ClCompile Include="lib\imgui\imgui_draw.cpp">
      <Filter>Source Files\imgui\include</Filter>
    </ClCompile>
    <ClCompile Include="lib\imgui\imgui_impl_glfw.cpp">
      <Filter>Source Files\imgui\include</Filter>
    </ClCompile>
    <ClCompile Include="lib\imgui\imgui_impl_opengl3.cpp">
      <Filter>Source Files\imgui\include</Filter>
    </ClCompile>
    <ClCompile Include="lib\imgui\imgui_widgets.cpp">
      <Filter>Source Files\imgui\include</Filter>
    </ClCompile>
    <ClCompile Include="src\imgui\SBGui.cpp">
      <Filter>Source Files\imgui</Filter>
    </ClCompile>
    <ClCompile Include="src\imgui\SBGuiWidgets.cpp">
      <Filter>Source Files\imgui</Filter>
    </ClCompile>
    <ClCompile Include="src\imgui\SBGuiWindow.cpp">
      <Filter>Source Files\imgui</Filter>
    </ClCompile>
    <ClCompile Include="src\gameobject\TileMap.cpp">
      <Filter>Source Files\GameObject</Filter>
    </ClCompile>
    <ClCompile Include="src\scene\SceneLogo.cpp">
      <Filter>Source Files\Scene</Filter>
    </ClCompile>
    <ClCompile Include="src\scene\SceneMenu.cpp">
      <Filter>Source Files\Scene</Filter>
    </ClCompile>
    <ClCompile Include="src\scene\SceneWin.cpp">
      <Filter>Source Files\Scene</Filter>
    </ClCompile>
    <ClCompile Include="src\system\SoundEventHandler.cpp">
      <Filter>Source Files\System</Filter>
    </ClCompile>
    <ClCompile Include="src\system\SoundSystem.cpp">
      <Filter>Source Files\System</Filter>
    </ClCompile>
    <ClCompile Include="src\scene\SceneCredit.cpp">
      <Filter>Source Files\Scene</Filter>
    </ClCompile>
    <ClCompile Include="src\scene\SceneTeam.cpp">
      <Filter>Source Files\Scene</Filter>
    </ClCompile>
  </ItemGroup>
  <ItemGroup>
    <ClInclude Include="src\system\SBEngine.h">
      <Filter>Source Files\System</Filter>
    </ClInclude>
    <ClInclude Include="src\system\Window.h">
      <Filter>Source Files\System</Filter>
    </ClInclude>
    <ClInclude Include="src\scene\SceneManager.h">
      <Filter>Source Files\Scene</Filter>
    </ClInclude>
    <ClInclude Include="src\scene\SceneTest.h">
      <Filter>Source Files\Scene</Filter>
    </ClInclude>
    <ClInclude Include="src\scene\Scene.h">
      <Filter>Source Files\Scene</Filter>
    </ClInclude>
    <ClInclude Include="src\graphic\Mesh.h">
      <Filter>Source Files\Graphic</Filter>
    </ClInclude>
    <ClInclude Include="src\graphic\Render.h">
      <Filter>Source Files\Graphic</Filter>
    </ClInclude>
    <ClInclude Include="src\gameobject\MeshManager.h">
      <Filter>Source Files\GameObject</Filter>
    </ClInclude>
    <ClInclude Include="src\gameobject\TextureManager.h">
      <Filter>Source Files\GameObject</Filter>
    </ClInclude>
    <ClInclude Include="src\graphic\Sprite.h">
      <Filter>Source Files\Graphic</Filter>
    </ClInclude>
    <ClInclude Include="src\graphic\Camera.h">
      <Filter>Source Files\Graphic</Filter>
    </ClInclude>
    <ClInclude Include="src\physics\Transform.h">
      <Filter>Source Files\Physics</Filter>
    </ClInclude>
    <ClInclude Include="src\gameobject\ObjectManager.h">
      <Filter>Source Files\GameObject</Filter>
    </ClInclude>
    <ClInclude Include="src\physics\Matrix2D.h">
      <Filter>Source Files\Physics</Filter>
    </ClInclude>
    <ClInclude Include="src\physics\Vector2D.h">
      <Filter>Source Files\Physics</Filter>
    </ClInclude>
    <ClInclude Include="src\graphic\Shader.h">
      <Filter>Source Files\Graphic</Filter>
    </ClInclude>
    <ClInclude Include="lib\imgui\imconfig.h">
      <Filter>Source Files\imgui\include</Filter>
    </ClInclude>
    <ClInclude Include="lib\imgui\imgui.h">
      <Filter>Source Files\imgui\include</Filter>
    </ClInclude>
    <ClInclude Include="lib\imgui\imgui_impl_glfw.h">
      <Filter>Source Files\imgui\include</Filter>
    </ClInclude>
    <ClInclude Include="lib\imgui\imgui_impl_opengl3.h">
      <Filter>Source Files\imgui\include</Filter>
    </ClInclude>
    <ClInclude Include="lib\imgui\imgui_internal.h">
      <Filter>Source Files\imgui\include</Filter>
    </ClInclude>
    <ClInclude Include="lib\imgui\imstb_rectpack.h">
      <Filter>Source Files\imgui\include</Filter>
    </ClInclude>
    <ClInclude Include="lib\imgui\imstb_textedit.h">
      <Filter>Source Files\imgui\include</Filter>
    </ClInclude>
    <ClInclude Include="lib\imgui\imstb_truetype.h">
      <Filter>Source Files\imgui\include</Filter>
    </ClInclude>
    <ClInclude Include="src\imgui\SBGui.h">
      <Filter>Source Files\imgui</Filter>
    </ClInclude>
    <ClInclude Include="src\imgui\SBGuiWidgets.h">
      <Filter>Source Files\imgui</Filter>
    </ClInclude>
    <ClInclude Include="src\imgui\SBGuiWindow.h">
      <Filter>Source Files\imgui</Filter>
    </ClInclude>
    <ClInclude Include="src\gameobject\TileMap.h">
      <Filter>Source Files\GameObject</Filter>
    </ClInclude>
    <ClInclude Include="src\scene\SceneLogo.h">
      <Filter>Source Files\Scene</Filter>
    </ClInclude>
    <ClInclude Include="src\scene\SceneMenu.h">
      <Filter>Source Files\Scene</Filter>
    </ClInclude>
    <ClInclude Include="src\scene\SceneWin.h">
      <Filter>Source Files\Scene</Filter>
    </ClInclude>
    <ClInclude Include="src\system\SoundEventHandler.h">
      <Filter>Source Files\System</Filter>
    </ClInclude>
    <ClInclude Include="src\system\SoundSystem.h">
      <Filter>Source Files\System</Filter>
    </ClInclude>
    <ClInclude Include="src\scene\SceneCredit.h">
      <Filter>Source Files\Scene</Filter>
    </ClInclude>
    <ClInclude Include="src\scene\SceneTeam.h">
      <Filter>Source Files\Scene</Filter>
    </ClInclude>
  </ItemGroup>
</Project>